// !$*UTF8*$!
{
	archiveVersion = 1;
	classes = {
	};
	objectVersion = 48;
	objects = {

/* Begin PBXBuildFile section */
		9F4C53843FAD837EE3C0A32E /* Pods_ListkoTests.framework in Frameworks */ = {isa = PBXBuildFile; fileRef = 244610A184783C61460B201E /* Pods_ListkoTests.framework */; };
		DB129AE120512373005FD5E9 /* ShowGroceryPresenter.swift in Sources */ = {isa = PBXBuildFile; fileRef = DB129ADB20512373005FD5E9 /* ShowGroceryPresenter.swift */; };
		DB129AE220512373005FD5E9 /* ShowGroceryWorker.swift in Sources */ = {isa = PBXBuildFile; fileRef = DB129ADC20512373005FD5E9 /* ShowGroceryWorker.swift */; };
		DB129AE320512373005FD5E9 /* ShowGroceryRouter.swift in Sources */ = {isa = PBXBuildFile; fileRef = DB129ADD20512373005FD5E9 /* ShowGroceryRouter.swift */; };
		DB129AE420512373005FD5E9 /* ShowGroceryModels.swift in Sources */ = {isa = PBXBuildFile; fileRef = DB129ADE20512373005FD5E9 /* ShowGroceryModels.swift */; };
		DB129AE520512373005FD5E9 /* ShowGroceryViewController.swift in Sources */ = {isa = PBXBuildFile; fileRef = DB129ADF20512373005FD5E9 /* ShowGroceryViewController.swift */; };
		DB129AE620512373005FD5E9 /* ShowGroceryInteractor.swift in Sources */ = {isa = PBXBuildFile; fileRef = DB129AE020512373005FD5E9 /* ShowGroceryInteractor.swift */; };
		DB129AE820513ADB005FD5E9 /* PopupDismissAnimationController.swift in Sources */ = {isa = PBXBuildFile; fileRef = DB129AE720513ADB005FD5E9 /* PopupDismissAnimationController.swift */; };
		DB129AEA20515B51005FD5E9 /* ShowGroceryExtension.swift in Sources */ = {isa = PBXBuildFile; fileRef = DB129AE920515B51005FD5E9 /* ShowGroceryExtension.swift */; };
		DB129AEC2052B9CF005FD5E9 /* UITableViewExtension.swift in Sources */ = {isa = PBXBuildFile; fileRef = DB129AEB2052B9CF005FD5E9 /* UITableViewExtension.swift */; };
		DB1DBD4220459CA40029C3A3 /* AppInitWorker.swift in Sources */ = {isa = PBXBuildFile; fileRef = DB1DBD4120459CA40029C3A3 /* AppInitWorker.swift */; };
		DB1DBD622045A5870029C3A3 /* GoogleService-Info-dev.plist in Resources */ = {isa = PBXBuildFile; fileRef = DB1DBD612045A5870029C3A3 /* GoogleService-Info-dev.plist */; };
		DB1DBD642045A5A90029C3A3 /* GoogleService-Info.plist in Resources */ = {isa = PBXBuildFile; fileRef = DB1DBD632045A5A90029C3A3 /* GoogleService-Info.plist */; };
		DB1DBD672045A86F0029C3A3 /* PhoneNumberVerificationWorker.swift in Sources */ = {isa = PBXBuildFile; fileRef = DB1DBD662045A86F0029C3A3 /* PhoneNumberVerificationWorker.swift */; };
		DB1DBD692046AEB70029C3A3 /* ListCell.xib in Resources */ = {isa = PBXBuildFile; fileRef = DB1DBD682046AEB60029C3A3 /* ListCell.xib */; };
		DB1DBD6B2046AED20029C3A3 /* ListCell.swift in Sources */ = {isa = PBXBuildFile; fileRef = DB1DBD6A2046AED20029C3A3 /* ListCell.swift */; };
		DB1DBD702046B15C0029C3A3 /* ListkoApi.swift in Sources */ = {isa = PBXBuildFile; fileRef = DB1DBD6F2046B15C0029C3A3 /* ListkoApi.swift */; };
		DB1DBD732046B2770029C3A3 /* Constants.swift in Sources */ = {isa = PBXBuildFile; fileRef = DB1DBD722046B2770029C3A3 /* Constants.swift */; };
		DB1DBD762046B3460029C3A3 /* App.swift in Sources */ = {isa = PBXBuildFile; fileRef = DB1DBD752046B3460029C3A3 /* App.swift */; };
		DB1DBD782046C9770029C3A3 /* MyAlamofireManager.swift in Sources */ = {isa = PBXBuildFile; fileRef = DB1DBD772046C9770029C3A3 /* MyAlamofireManager.swift */; };
		DB1DBD7B2046C98E0029C3A3 /* JsonWorker.swift in Sources */ = {isa = PBXBuildFile; fileRef = DB1DBD792046C98E0029C3A3 /* JsonWorker.swift */; };
		DB1DBD7C2046C98E0029C3A3 /* MyMoyaPlugin.swift in Sources */ = {isa = PBXBuildFile; fileRef = DB1DBD7A2046C98E0029C3A3 /* MyMoyaPlugin.swift */; };
		DB1DC4DC2046CAC30029C3A3 /* CrashlyticsExceptionLogger.swift in Sources */ = {isa = PBXBuildFile; fileRef = DB1DC4D82046CAC30029C3A3 /* CrashlyticsExceptionLogger.swift */; };
		DB1DC4DD2046CAC30029C3A3 /* FirebaseEventLogger.swift in Sources */ = {isa = PBXBuildFile; fileRef = DB1DC4D92046CAC30029C3A3 /* FirebaseEventLogger.swift */; };
		DB1DC4DE2046CAC30029C3A3 /* LogEventHelper.swift in Sources */ = {isa = PBXBuildFile; fileRef = DB1DC4DA2046CAC30029C3A3 /* LogEventHelper.swift */; };
		DB1DC4DF2046CAC30029C3A3 /* Logger.swift in Sources */ = {isa = PBXBuildFile; fileRef = DB1DC4DB2046CAC30029C3A3 /* Logger.swift */; };
		DB1DC4E12046CB000029C3A3 /* AppError.swift in Sources */ = {isa = PBXBuildFile; fileRef = DB1DC4E02046CB000029C3A3 /* AppError.swift */; };
		DB1DC4E42046CCB90029C3A3 /* JsonDecodableProtocol.swift in Sources */ = {isa = PBXBuildFile; fileRef = DB1DC4E32046CCB90029C3A3 /* JsonDecodableProtocol.swift */; };
		DB1DC4E62046CDFE0029C3A3 /* User.swift in Sources */ = {isa = PBXBuildFile; fileRef = DB1DC4E52046CDFE0029C3A3 /* User.swift */; };
		DB1DC4EC2046DB180029C3A3 /* DemiLabel.swift in Sources */ = {isa = PBXBuildFile; fileRef = DB1DC4EB2046DB180029C3A3 /* DemiLabel.swift */; };
		DB1DC4EE2046DB300029C3A3 /* DemiDarkGrayLabel.swift in Sources */ = {isa = PBXBuildFile; fileRef = DB1DC4ED2046DB300029C3A3 /* DemiDarkGrayLabel.swift */; };
		DB1DC4F02046DB510029C3A3 /* ColorUtil.swift in Sources */ = {isa = PBXBuildFile; fileRef = DB1DC4EF2046DB510029C3A3 /* ColorUtil.swift */; };
		DB1DC4F32046DBA30029C3A3 /* RegularGrayLabel.swift in Sources */ = {isa = PBXBuildFile; fileRef = DB1DC4F12046DBA30029C3A3 /* RegularGrayLabel.swift */; };
		DB1DC4F42046DBA30029C3A3 /* RegularLabel.swift in Sources */ = {isa = PBXBuildFile; fileRef = DB1DC4F22046DBA30029C3A3 /* RegularLabel.swift */; };
		DB1DC4F62046DC500029C3A3 /* ListGroceryExtension.swift in Sources */ = {isa = PBXBuildFile; fileRef = DB1DC4F52046DC500029C3A3 /* ListGroceryExtension.swift */; };
		DB1DC4F82046EB010029C3A3 /* ColumnFlowLayout.swift in Sources */ = {isa = PBXBuildFile; fileRef = DB1DC4F72046EB010029C3A3 /* ColumnFlowLayout.swift */; };
		DB1DC50420494FE30029C3A3 /* EditGroceryPresenter.swift in Sources */ = {isa = PBXBuildFile; fileRef = DB1DC4FE20494FE30029C3A3 /* EditGroceryPresenter.swift */; };
		DB1DC50520494FE30029C3A3 /* EditGroceryWorker.swift in Sources */ = {isa = PBXBuildFile; fileRef = DB1DC4FF20494FE30029C3A3 /* EditGroceryWorker.swift */; };
		DB1DC50620494FE30029C3A3 /* EditGroceryRouter.swift in Sources */ = {isa = PBXBuildFile; fileRef = DB1DC50020494FE30029C3A3 /* EditGroceryRouter.swift */; };
		DB1DC50720494FE30029C3A3 /* EditGroceryModels.swift in Sources */ = {isa = PBXBuildFile; fileRef = DB1DC50120494FE30029C3A3 /* EditGroceryModels.swift */; };
		DB1DC50820494FE30029C3A3 /* EditGroceryViewController.swift in Sources */ = {isa = PBXBuildFile; fileRef = DB1DC50220494FE30029C3A3 /* EditGroceryViewController.swift */; };
		DB1DC50920494FE30029C3A3 /* EditGroceryInteractor.swift in Sources */ = {isa = PBXBuildFile; fileRef = DB1DC50320494FE30029C3A3 /* EditGroceryInteractor.swift */; };
		DB1DC50B2049500A0029C3A3 /* EditGroceryExtension.swift in Sources */ = {isa = PBXBuildFile; fileRef = DB1DC50A2049500A0029C3A3 /* EditGroceryExtension.swift */; };
		DB1DC50F204951C30029C3A3 /* UIColorExtension.swift in Sources */ = {isa = PBXBuildFile; fileRef = DB1DC50E204951C30029C3A3 /* UIColorExtension.swift */; };
		DB1F785420593E02005A5525 /* ListCategory.swift in Sources */ = {isa = PBXBuildFile; fileRef = DB1F785320593E02005A5525 /* ListCategory.swift */; };
		DB1F785C205A9107005A5525 /* EditGroceryViewControllerTests.swift in Sources */ = {isa = PBXBuildFile; fileRef = DB1F7858205A9107005A5525 /* EditGroceryViewControllerTests.swift */; };
		DB1F785D205A9107005A5525 /* EditGroceryInteractorTests.swift in Sources */ = {isa = PBXBuildFile; fileRef = DB1F7859205A9107005A5525 /* EditGroceryInteractorTests.swift */; };
		DB1F785E205A9107005A5525 /* EditGroceryWorkerTests.swift in Sources */ = {isa = PBXBuildFile; fileRef = DB1F785A205A9107005A5525 /* EditGroceryWorkerTests.swift */; };
		DB1F785F205A9107005A5525 /* EditGroceryPresenterTests.swift in Sources */ = {isa = PBXBuildFile; fileRef = DB1F785B205A9107005A5525 /* EditGroceryPresenterTests.swift */; };
		DB26D33720590FA4005845DE /* ShowGroceryTableView.swift in Sources */ = {isa = PBXBuildFile; fileRef = DB26D33620590FA4005845DE /* ShowGroceryTableView.swift */; };
		DB44E41C2049664700A3131B /* list.json in Resources */ = {isa = PBXBuildFile; fileRef = DB44E41B2049664700A3131B /* list.json */; };
		DB44E41E20496D5400A3131B /* GroceryList.swift in Sources */ = {isa = PBXBuildFile; fileRef = DB44E41D20496D5400A3131B /* GroceryList.swift */; };
		DB44E42020496F6600A3131B /* PresenterProtocol.swift in Sources */ = {isa = PBXBuildFile; fileRef = DB44E41F20496F6600A3131B /* PresenterProtocol.swift */; };
		DB44E4242049704A00A3131B /* RMessageImpl.swift in Sources */ = {isa = PBXBuildFile; fileRef = DB44E4222049704A00A3131B /* RMessageImpl.swift */; };
		DB44E4252049704A00A3131B /* AlertUtil.swift in Sources */ = {isa = PBXBuildFile; fileRef = DB44E4232049704A00A3131B /* AlertUtil.swift */; };
		DB44E42B204D718300A3131B /* ListItem.swift in Sources */ = {isa = PBXBuildFile; fileRef = DB44E42A204D718300A3131B /* ListItem.swift */; };
		DB44E42E204D735C00A3131B /* EditCell.swift in Sources */ = {isa = PBXBuildFile; fileRef = DB44E42D204D735C00A3131B /* EditCell.swift */; };
		DB44E430204D736900A3131B /* EditCell.xib in Resources */ = {isa = PBXBuildFile; fileRef = DB44E42F204D736900A3131B /* EditCell.xib */; };
		DB44E432204D753100A3131B /* EditGroceryTableView.swift in Sources */ = {isa = PBXBuildFile; fileRef = DB44E431204D753100A3131B /* EditGroceryTableView.swift */; };
		DB44E434204E903A00A3131B /* CloseButton.swift in Sources */ = {isa = PBXBuildFile; fileRef = DB44E433204E903A00A3131B /* CloseButton.swift */; };
		DB5D859F2074F88A004D62C9 /* EditGroceryTextFieldExt.swift in Sources */ = {isa = PBXBuildFile; fileRef = DB5D859E2074F88A004D62C9 /* EditGroceryTextFieldExt.swift */; };
		DB5D85A620760281004D62C9 /* SettingsPresenter.swift in Sources */ = {isa = PBXBuildFile; fileRef = DB5D85A020760281004D62C9 /* SettingsPresenter.swift */; };
		DB5D85A720760281004D62C9 /* SettingsWorker.swift in Sources */ = {isa = PBXBuildFile; fileRef = DB5D85A120760281004D62C9 /* SettingsWorker.swift */; };
		DB5D85A820760281004D62C9 /* SettingsRouter.swift in Sources */ = {isa = PBXBuildFile; fileRef = DB5D85A220760281004D62C9 /* SettingsRouter.swift */; };
		DB5D85A920760281004D62C9 /* SettingsModels.swift in Sources */ = {isa = PBXBuildFile; fileRef = DB5D85A320760281004D62C9 /* SettingsModels.swift */; };
		DB5D85AA20760281004D62C9 /* SettingsViewController.swift in Sources */ = {isa = PBXBuildFile; fileRef = DB5D85A420760281004D62C9 /* SettingsViewController.swift */; };
		DB5D85AB20760281004D62C9 /* SettingsInteractor.swift in Sources */ = {isa = PBXBuildFile; fileRef = DB5D85A520760281004D62C9 /* SettingsInteractor.swift */; };
		DB5D85B2207602AF004D62C9 /* SettingsViewControllerTests.swift in Sources */ = {isa = PBXBuildFile; fileRef = DB5D85AE207602AE004D62C9 /* SettingsViewControllerTests.swift */; };
		DB5D85B3207602AF004D62C9 /* SettingsInteractorTests.swift in Sources */ = {isa = PBXBuildFile; fileRef = DB5D85AF207602AE004D62C9 /* SettingsInteractorTests.swift */; };
		DB5D85B4207602AF004D62C9 /* SettingsWorkerTests.swift in Sources */ = {isa = PBXBuildFile; fileRef = DB5D85B0207602AF004D62C9 /* SettingsWorkerTests.swift */; };
		DB5D85B5207602AF004D62C9 /* SettingsPresenterTests.swift in Sources */ = {isa = PBXBuildFile; fileRef = DB5D85B1207602AF004D62C9 /* SettingsPresenterTests.swift */; };
		DB5D85B920763ADD004D62C9 /* UserSettings.swift in Sources */ = {isa = PBXBuildFile; fileRef = DB5D85B820763ADD004D62C9 /* UserSettings.swift */; };
		DB679DF6204FCFA500087A5F /* UITextFieldBottomBorder.swift in Sources */ = {isa = PBXBuildFile; fileRef = DB679DF5204FCFA500087A5F /* UITextFieldBottomBorder.swift */; };
		DB679DFE20511C0300087A5F /* PopupPresentAnimationController.swift in Sources */ = {isa = PBXBuildFile; fileRef = DB679DFD20511C0300087A5F /* PopupPresentAnimationController.swift */; };
		DBC62BAF203C1D6900A9831A /* AppDelegate.swift in Sources */ = {isa = PBXBuildFile; fileRef = DBC62BAE203C1D6900A9831A /* AppDelegate.swift */; };
		DBC62BB1203C1D6900A9831A /* ParentViewController.swift in Sources */ = {isa = PBXBuildFile; fileRef = DBC62BB0203C1D6900A9831A /* ParentViewController.swift */; };
		DBC62BB4203C1D6900A9831A /* Main.storyboard in Resources */ = {isa = PBXBuildFile; fileRef = DBC62BB2203C1D6900A9831A /* Main.storyboard */; };
		DBC62BB6203C1D6900A9831A /* Assets.xcassets in Resources */ = {isa = PBXBuildFile; fileRef = DBC62BB5203C1D6900A9831A /* Assets.xcassets */; };
		DBC62BB9203C1D6900A9831A /* LaunchScreen.storyboard in Resources */ = {isa = PBXBuildFile; fileRef = DBC62BB7203C1D6900A9831A /* LaunchScreen.storyboard */; };
		DBC62BD6203C1DC200A9831A /* ListGroceryPresenter.swift in Sources */ = {isa = PBXBuildFile; fileRef = DBC62BD0203C1DC200A9831A /* ListGroceryPresenter.swift */; };
		DBC62BD7203C1DC200A9831A /* ListGroceryWorker.swift in Sources */ = {isa = PBXBuildFile; fileRef = DBC62BD1203C1DC200A9831A /* ListGroceryWorker.swift */; };
		DBC62BD8203C1DC200A9831A /* ListGroceryRouter.swift in Sources */ = {isa = PBXBuildFile; fileRef = DBC62BD2203C1DC200A9831A /* ListGroceryRouter.swift */; };
		DBC62BD9203C1DC200A9831A /* ListGroceryModels.swift in Sources */ = {isa = PBXBuildFile; fileRef = DBC62BD3203C1DC200A9831A /* ListGroceryModels.swift */; };
		DBC62BDA203C1DC200A9831A /* ListGroceryViewController.swift in Sources */ = {isa = PBXBuildFile; fileRef = DBC62BD4203C1DC200A9831A /* ListGroceryViewController.swift */; };
		DBC62BDB203C1DC200A9831A /* ListGroceryInteractor.swift in Sources */ = {isa = PBXBuildFile; fileRef = DBC62BD5203C1DC200A9831A /* ListGroceryInteractor.swift */; };
		DBC62BF3203C3E5900A9831A /* ListGroceryTableView.swift in Sources */ = {isa = PBXBuildFile; fileRef = DBC62BF2203C3E5900A9831A /* ListGroceryTableView.swift */; };
		DBF489C0205FF68E00381C2E /* Localizable.strings in Resources */ = {isa = PBXBuildFile; fileRef = DBF489C2205FF68E00381C2E /* Localizable.strings */; };
		DBF489C5205FFB7300381C2E /* StringExtension.swift in Sources */ = {isa = PBXBuildFile; fileRef = DBF489C4205FFB7300381C2E /* StringExtension.swift */; };
		FA898DDF312C39E3DB9FF0F3 /* Pods_Listko.framework in Frameworks */ = {isa = PBXBuildFile; fileRef = CCE0F76B7D12DE627C39D2F0 /* Pods_Listko.framework */; };
/* End PBXBuildFile section */

/* Begin PBXContainerItemProxy section */
		DBC62BC0203C1D6900A9831A /* PBXContainerItemProxy */ = {
			isa = PBXContainerItemProxy;
			containerPortal = DBC62BA3203C1D6900A9831A /* Project object */;
			proxyType = 1;
			remoteGlobalIDString = DBC62BAA203C1D6900A9831A;
			remoteInfo = Listko;
		};
/* End PBXContainerItemProxy section */

/* Begin PBXFileReference section */
		244610A184783C61460B201E /* Pods_ListkoTests.framework */ = {isa = PBXFileReference; explicitFileType = wrapper.framework; includeInIndex = 0; path = Pods_ListkoTests.framework; sourceTree = BUILT_PRODUCTS_DIR; };
		5CCD65A83E52DCA2BC9EB745 /* Pods-Listko.release.xcconfig */ = {isa = PBXFileReference; includeInIndex = 1; lastKnownFileType = text.xcconfig; name = "Pods-Listko.release.xcconfig"; path = "Pods/Target Support Files/Pods-Listko/Pods-Listko.release.xcconfig"; sourceTree = "<group>"; };
		64406098D89864FC73B6A9A8 /* Pods-Listko.debug.xcconfig */ = {isa = PBXFileReference; includeInIndex = 1; lastKnownFileType = text.xcconfig; name = "Pods-Listko.debug.xcconfig"; path = "Pods/Target Support Files/Pods-Listko/Pods-Listko.debug.xcconfig"; sourceTree = "<group>"; };
		A93E79F4CE5080D62AF628EB /* Pods-ListkoTests.release.xcconfig */ = {isa = PBXFileReference; includeInIndex = 1; lastKnownFileType = text.xcconfig; name = "Pods-ListkoTests.release.xcconfig"; path = "Pods/Target Support Files/Pods-ListkoTests/Pods-ListkoTests.release.xcconfig"; sourceTree = "<group>"; };
		B868D308604E3D60D516C250 /* Pods-ListkoTests.debug.xcconfig */ = {isa = PBXFileReference; includeInIndex = 1; lastKnownFileType = text.xcconfig; name = "Pods-ListkoTests.debug.xcconfig"; path = "Pods/Target Support Files/Pods-ListkoTests/Pods-ListkoTests.debug.xcconfig"; sourceTree = "<group>"; };
		CCE0F76B7D12DE627C39D2F0 /* Pods_Listko.framework */ = {isa = PBXFileReference; explicitFileType = wrapper.framework; includeInIndex = 0; path = Pods_Listko.framework; sourceTree = BUILT_PRODUCTS_DIR; };
		DB129ADB20512373005FD5E9 /* ShowGroceryPresenter.swift */ = {isa = PBXFileReference; lastKnownFileType = sourcecode.swift; path = ShowGroceryPresenter.swift; sourceTree = "<group>"; };
		DB129ADC20512373005FD5E9 /* ShowGroceryWorker.swift */ = {isa = PBXFileReference; lastKnownFileType = sourcecode.swift; path = ShowGroceryWorker.swift; sourceTree = "<group>"; };
		DB129ADD20512373005FD5E9 /* ShowGroceryRouter.swift */ = {isa = PBXFileReference; lastKnownFileType = sourcecode.swift; path = ShowGroceryRouter.swift; sourceTree = "<group>"; };
		DB129ADE20512373005FD5E9 /* ShowGroceryModels.swift */ = {isa = PBXFileReference; lastKnownFileType = sourcecode.swift; path = ShowGroceryModels.swift; sourceTree = "<group>"; };
		DB129ADF20512373005FD5E9 /* ShowGroceryViewController.swift */ = {isa = PBXFileReference; lastKnownFileType = sourcecode.swift; path = ShowGroceryViewController.swift; sourceTree = "<group>"; };
		DB129AE020512373005FD5E9 /* ShowGroceryInteractor.swift */ = {isa = PBXFileReference; lastKnownFileType = sourcecode.swift; path = ShowGroceryInteractor.swift; sourceTree = "<group>"; };
		DB129AE720513ADB005FD5E9 /* PopupDismissAnimationController.swift */ = {isa = PBXFileReference; lastKnownFileType = sourcecode.swift; path = PopupDismissAnimationController.swift; sourceTree = "<group>"; };
		DB129AE920515B51005FD5E9 /* ShowGroceryExtension.swift */ = {isa = PBXFileReference; lastKnownFileType = sourcecode.swift; path = ShowGroceryExtension.swift; sourceTree = "<group>"; };
		DB129AEB2052B9CF005FD5E9 /* UITableViewExtension.swift */ = {isa = PBXFileReference; fileEncoding = 4; lastKnownFileType = sourcecode.swift; path = UITableViewExtension.swift; sourceTree = "<group>"; };
		DB1DBD2E203EE1E40029C3A3 /* Listko-Bridging-Header.h */ = {isa = PBXFileReference; lastKnownFileType = sourcecode.c.h; path = "Listko-Bridging-Header.h"; sourceTree = "<group>"; };
		DB1DBD4120459CA40029C3A3 /* AppInitWorker.swift */ = {isa = PBXFileReference; lastKnownFileType = sourcecode.swift; path = AppInitWorker.swift; sourceTree = "<group>"; };
		DB1DBD612045A5870029C3A3 /* GoogleService-Info-dev.plist */ = {isa = PBXFileReference; fileEncoding = 4; lastKnownFileType = text.plist.xml; path = "GoogleService-Info-dev.plist"; sourceTree = "<group>"; };
		DB1DBD632045A5A90029C3A3 /* GoogleService-Info.plist */ = {isa = PBXFileReference; fileEncoding = 4; lastKnownFileType = text.plist.xml; path = "GoogleService-Info.plist"; sourceTree = "<group>"; };
		DB1DBD652045A5E00029C3A3 /* Listko.dev.entitlements */ = {isa = PBXFileReference; lastKnownFileType = text.plist.entitlements; path = Listko.dev.entitlements; sourceTree = "<group>"; };
		DB1DBD662045A86F0029C3A3 /* PhoneNumberVerificationWorker.swift */ = {isa = PBXFileReference; lastKnownFileType = sourcecode.swift; path = PhoneNumberVerificationWorker.swift; sourceTree = "<group>"; };
		DB1DBD682046AEB60029C3A3 /* ListCell.xib */ = {isa = PBXFileReference; lastKnownFileType = file.xib; path = ListCell.xib; sourceTree = "<group>"; };
		DB1DBD6A2046AED20029C3A3 /* ListCell.swift */ = {isa = PBXFileReference; lastKnownFileType = sourcecode.swift; path = ListCell.swift; sourceTree = "<group>"; };
		DB1DBD6F2046B15C0029C3A3 /* ListkoApi.swift */ = {isa = PBXFileReference; lastKnownFileType = sourcecode.swift; path = ListkoApi.swift; sourceTree = "<group>"; };
		DB1DBD722046B2770029C3A3 /* Constants.swift */ = {isa = PBXFileReference; lastKnownFileType = sourcecode.swift; path = Constants.swift; sourceTree = "<group>"; };
		DB1DBD752046B3460029C3A3 /* App.swift */ = {isa = PBXFileReference; lastKnownFileType = sourcecode.swift; path = App.swift; sourceTree = "<group>"; };
		DB1DBD772046C9770029C3A3 /* MyAlamofireManager.swift */ = {isa = PBXFileReference; fileEncoding = 4; lastKnownFileType = sourcecode.swift; path = MyAlamofireManager.swift; sourceTree = "<group>"; };
		DB1DBD792046C98E0029C3A3 /* JsonWorker.swift */ = {isa = PBXFileReference; fileEncoding = 4; lastKnownFileType = sourcecode.swift; path = JsonWorker.swift; sourceTree = "<group>"; };
		DB1DBD7A2046C98E0029C3A3 /* MyMoyaPlugin.swift */ = {isa = PBXFileReference; fileEncoding = 4; lastKnownFileType = sourcecode.swift; path = MyMoyaPlugin.swift; sourceTree = "<group>"; };
		DB1DC4D82046CAC30029C3A3 /* CrashlyticsExceptionLogger.swift */ = {isa = PBXFileReference; fileEncoding = 4; lastKnownFileType = sourcecode.swift; path = CrashlyticsExceptionLogger.swift; sourceTree = "<group>"; };
		DB1DC4D92046CAC30029C3A3 /* FirebaseEventLogger.swift */ = {isa = PBXFileReference; fileEncoding = 4; lastKnownFileType = sourcecode.swift; path = FirebaseEventLogger.swift; sourceTree = "<group>"; };
		DB1DC4DA2046CAC30029C3A3 /* LogEventHelper.swift */ = {isa = PBXFileReference; fileEncoding = 4; lastKnownFileType = sourcecode.swift; path = LogEventHelper.swift; sourceTree = "<group>"; };
		DB1DC4DB2046CAC30029C3A3 /* Logger.swift */ = {isa = PBXFileReference; fileEncoding = 4; lastKnownFileType = sourcecode.swift; path = Logger.swift; sourceTree = "<group>"; };
		DB1DC4E02046CB000029C3A3 /* AppError.swift */ = {isa = PBXFileReference; fileEncoding = 4; lastKnownFileType = sourcecode.swift; path = AppError.swift; sourceTree = "<group>"; };
		DB1DC4E32046CCB90029C3A3 /* JsonDecodableProtocol.swift */ = {isa = PBXFileReference; fileEncoding = 4; lastKnownFileType = sourcecode.swift; path = JsonDecodableProtocol.swift; sourceTree = "<group>"; };
		DB1DC4E52046CDFE0029C3A3 /* User.swift */ = {isa = PBXFileReference; fileEncoding = 4; lastKnownFileType = sourcecode.swift; path = User.swift; sourceTree = "<group>"; };
		DB1DC4EB2046DB180029C3A3 /* DemiLabel.swift */ = {isa = PBXFileReference; fileEncoding = 4; lastKnownFileType = sourcecode.swift; path = DemiLabel.swift; sourceTree = "<group>"; };
		DB1DC4ED2046DB300029C3A3 /* DemiDarkGrayLabel.swift */ = {isa = PBXFileReference; fileEncoding = 4; lastKnownFileType = sourcecode.swift; path = DemiDarkGrayLabel.swift; sourceTree = "<group>"; };
		DB1DC4EF2046DB510029C3A3 /* ColorUtil.swift */ = {isa = PBXFileReference; fileEncoding = 4; lastKnownFileType = sourcecode.swift; path = ColorUtil.swift; sourceTree = "<group>"; };
		DB1DC4F12046DBA30029C3A3 /* RegularGrayLabel.swift */ = {isa = PBXFileReference; fileEncoding = 4; lastKnownFileType = sourcecode.swift; path = RegularGrayLabel.swift; sourceTree = "<group>"; };
		DB1DC4F22046DBA30029C3A3 /* RegularLabel.swift */ = {isa = PBXFileReference; fileEncoding = 4; lastKnownFileType = sourcecode.swift; path = RegularLabel.swift; sourceTree = "<group>"; };
		DB1DC4F52046DC500029C3A3 /* ListGroceryExtension.swift */ = {isa = PBXFileReference; lastKnownFileType = sourcecode.swift; path = ListGroceryExtension.swift; sourceTree = "<group>"; };
		DB1DC4F72046EB010029C3A3 /* ColumnFlowLayout.swift */ = {isa = PBXFileReference; lastKnownFileType = sourcecode.swift; path = ColumnFlowLayout.swift; sourceTree = "<group>"; };
		DB1DC4FE20494FE30029C3A3 /* EditGroceryPresenter.swift */ = {isa = PBXFileReference; lastKnownFileType = sourcecode.swift; path = EditGroceryPresenter.swift; sourceTree = "<group>"; };
		DB1DC4FF20494FE30029C3A3 /* EditGroceryWorker.swift */ = {isa = PBXFileReference; lastKnownFileType = sourcecode.swift; path = EditGroceryWorker.swift; sourceTree = "<group>"; };
		DB1DC50020494FE30029C3A3 /* EditGroceryRouter.swift */ = {isa = PBXFileReference; lastKnownFileType = sourcecode.swift; path = EditGroceryRouter.swift; sourceTree = "<group>"; };
		DB1DC50120494FE30029C3A3 /* EditGroceryModels.swift */ = {isa = PBXFileReference; lastKnownFileType = sourcecode.swift; path = EditGroceryModels.swift; sourceTree = "<group>"; };
		DB1DC50220494FE30029C3A3 /* EditGroceryViewController.swift */ = {isa = PBXFileReference; lastKnownFileType = sourcecode.swift; path = EditGroceryViewController.swift; sourceTree = "<group>"; };
		DB1DC50320494FE30029C3A3 /* EditGroceryInteractor.swift */ = {isa = PBXFileReference; lastKnownFileType = sourcecode.swift; path = EditGroceryInteractor.swift; sourceTree = "<group>"; };
		DB1DC50A2049500A0029C3A3 /* EditGroceryExtension.swift */ = {isa = PBXFileReference; lastKnownFileType = sourcecode.swift; path = EditGroceryExtension.swift; sourceTree = "<group>"; };
		DB1DC50E204951C30029C3A3 /* UIColorExtension.swift */ = {isa = PBXFileReference; fileEncoding = 4; lastKnownFileType = sourcecode.swift; path = UIColorExtension.swift; sourceTree = "<group>"; };
		DB1F785320593E02005A5525 /* ListCategory.swift */ = {isa = PBXFileReference; lastKnownFileType = sourcecode.swift; path = ListCategory.swift; sourceTree = "<group>"; };
		DB1F7858205A9107005A5525 /* EditGroceryViewControllerTests.swift */ = {isa = PBXFileReference; lastKnownFileType = sourcecode.swift; path = EditGroceryViewControllerTests.swift; sourceTree = "<group>"; };
		DB1F7859205A9107005A5525 /* EditGroceryInteractorTests.swift */ = {isa = PBXFileReference; lastKnownFileType = sourcecode.swift; path = EditGroceryInteractorTests.swift; sourceTree = "<group>"; };
		DB1F785A205A9107005A5525 /* EditGroceryWorkerTests.swift */ = {isa = PBXFileReference; lastKnownFileType = sourcecode.swift; path = EditGroceryWorkerTests.swift; sourceTree = "<group>"; };
		DB1F785B205A9107005A5525 /* EditGroceryPresenterTests.swift */ = {isa = PBXFileReference; lastKnownFileType = sourcecode.swift; path = EditGroceryPresenterTests.swift; sourceTree = "<group>"; };
		DB26D33620590FA4005845DE /* ShowGroceryTableView.swift */ = {isa = PBXFileReference; lastKnownFileType = sourcecode.swift; path = ShowGroceryTableView.swift; sourceTree = "<group>"; };
		DB44E41B2049664700A3131B /* list.json */ = {isa = PBXFileReference; fileEncoding = 4; lastKnownFileType = text.json; path = list.json; sourceTree = "<group>"; };
		DB44E41D20496D5400A3131B /* GroceryList.swift */ = {isa = PBXFileReference; lastKnownFileType = sourcecode.swift; path = GroceryList.swift; sourceTree = "<group>"; };
		DB44E41F20496F6600A3131B /* PresenterProtocol.swift */ = {isa = PBXFileReference; fileEncoding = 4; lastKnownFileType = sourcecode.swift; path = PresenterProtocol.swift; sourceTree = "<group>"; };
		DB44E4222049704A00A3131B /* RMessageImpl.swift */ = {isa = PBXFileReference; fileEncoding = 4; lastKnownFileType = sourcecode.swift; path = RMessageImpl.swift; sourceTree = "<group>"; };
		DB44E4232049704A00A3131B /* AlertUtil.swift */ = {isa = PBXFileReference; fileEncoding = 4; lastKnownFileType = sourcecode.swift; path = AlertUtil.swift; sourceTree = "<group>"; };
		DB44E42A204D718300A3131B /* ListItem.swift */ = {isa = PBXFileReference; lastKnownFileType = sourcecode.swift; path = ListItem.swift; sourceTree = "<group>"; };
		DB44E42D204D735C00A3131B /* EditCell.swift */ = {isa = PBXFileReference; lastKnownFileType = sourcecode.swift; path = EditCell.swift; sourceTree = "<group>"; };
		DB44E42F204D736900A3131B /* EditCell.xib */ = {isa = PBXFileReference; lastKnownFileType = file.xib; path = EditCell.xib; sourceTree = "<group>"; };
		DB44E431204D753100A3131B /* EditGroceryTableView.swift */ = {isa = PBXFileReference; lastKnownFileType = sourcecode.swift; path = EditGroceryTableView.swift; sourceTree = "<group>"; };
		DB44E433204E903A00A3131B /* CloseButton.swift */ = {isa = PBXFileReference; fileEncoding = 4; lastKnownFileType = sourcecode.swift; path = CloseButton.swift; sourceTree = "<group>"; };
		DB5D859E2074F88A004D62C9 /* EditGroceryTextFieldExt.swift */ = {isa = PBXFileReference; lastKnownFileType = sourcecode.swift; path = EditGroceryTextFieldExt.swift; sourceTree = "<group>"; };
		DB5D85A020760281004D62C9 /* SettingsPresenter.swift */ = {isa = PBXFileReference; lastKnownFileType = sourcecode.swift; path = SettingsPresenter.swift; sourceTree = "<group>"; };
		DB5D85A120760281004D62C9 /* SettingsWorker.swift */ = {isa = PBXFileReference; lastKnownFileType = sourcecode.swift; path = SettingsWorker.swift; sourceTree = "<group>"; };
		DB5D85A220760281004D62C9 /* SettingsRouter.swift */ = {isa = PBXFileReference; lastKnownFileType = sourcecode.swift; path = SettingsRouter.swift; sourceTree = "<group>"; };
		DB5D85A320760281004D62C9 /* SettingsModels.swift */ = {isa = PBXFileReference; lastKnownFileType = sourcecode.swift; path = SettingsModels.swift; sourceTree = "<group>"; };
		DB5D85A420760281004D62C9 /* SettingsViewController.swift */ = {isa = PBXFileReference; lastKnownFileType = sourcecode.swift; path = SettingsViewController.swift; sourceTree = "<group>"; };
		DB5D85A520760281004D62C9 /* SettingsInteractor.swift */ = {isa = PBXFileReference; lastKnownFileType = sourcecode.swift; path = SettingsInteractor.swift; sourceTree = "<group>"; };
		DB5D85AE207602AE004D62C9 /* SettingsViewControllerTests.swift */ = {isa = PBXFileReference; lastKnownFileType = sourcecode.swift; path = SettingsViewControllerTests.swift; sourceTree = "<group>"; };
		DB5D85AF207602AE004D62C9 /* SettingsInteractorTests.swift */ = {isa = PBXFileReference; lastKnownFileType = sourcecode.swift; path = SettingsInteractorTests.swift; sourceTree = "<group>"; };
		DB5D85B0207602AF004D62C9 /* SettingsWorkerTests.swift */ = {isa = PBXFileReference; lastKnownFileType = sourcecode.swift; path = SettingsWorkerTests.swift; sourceTree = "<group>"; };
		DB5D85B1207602AF004D62C9 /* SettingsPresenterTests.swift */ = {isa = PBXFileReference; lastKnownFileType = sourcecode.swift; path = SettingsPresenterTests.swift; sourceTree = "<group>"; };
		DB5D85B820763ADD004D62C9 /* UserSettings.swift */ = {isa = PBXFileReference; lastKnownFileType = sourcecode.swift; path = UserSettings.swift; sourceTree = "<group>"; };
		DB679DF5204FCFA500087A5F /* UITextFieldBottomBorder.swift */ = {isa = PBXFileReference; lastKnownFileType = sourcecode.swift; path = UITextFieldBottomBorder.swift; sourceTree = "<group>"; };
		DB679DFD20511C0300087A5F /* PopupPresentAnimationController.swift */ = {isa = PBXFileReference; lastKnownFileType = sourcecode.swift; path = PopupPresentAnimationController.swift; sourceTree = "<group>"; };
		DBC62BAB203C1D6900A9831A /* Listko.dev.app */ = {isa = PBXFileReference; explicitFileType = wrapper.application; includeInIndex = 0; path = Listko.dev.app; sourceTree = BUILT_PRODUCTS_DIR; };
		DBC62BAE203C1D6900A9831A /* AppDelegate.swift */ = {isa = PBXFileReference; lastKnownFileType = sourcecode.swift; path = AppDelegate.swift; sourceTree = "<group>"; };
		DBC62BB0203C1D6900A9831A /* ParentViewController.swift */ = {isa = PBXFileReference; lastKnownFileType = sourcecode.swift; path = ParentViewController.swift; sourceTree = "<group>"; };
		DBC62BB3203C1D6900A9831A /* Base */ = {isa = PBXFileReference; lastKnownFileType = file.storyboard; name = Base; path = Base.lproj/Main.storyboard; sourceTree = "<group>"; };
		DBC62BB5203C1D6900A9831A /* Assets.xcassets */ = {isa = PBXFileReference; lastKnownFileType = folder.assetcatalog; path = Assets.xcassets; sourceTree = "<group>"; };
		DBC62BB8203C1D6900A9831A /* Base */ = {isa = PBXFileReference; lastKnownFileType = file.storyboard; name = Base; path = Base.lproj/LaunchScreen.storyboard; sourceTree = "<group>"; };
		DBC62BBA203C1D6900A9831A /* Info.plist */ = {isa = PBXFileReference; lastKnownFileType = text.plist.xml; path = Info.plist; sourceTree = "<group>"; };
		DBC62BBF203C1D6900A9831A /* ListkoTests.xctest */ = {isa = PBXFileReference; explicitFileType = wrapper.cfbundle; includeInIndex = 0; path = ListkoTests.xctest; sourceTree = BUILT_PRODUCTS_DIR; };
		DBC62BC5203C1D6900A9831A /* Info.plist */ = {isa = PBXFileReference; lastKnownFileType = text.plist.xml; path = Info.plist; sourceTree = "<group>"; };
		DBC62BD0203C1DC200A9831A /* ListGroceryPresenter.swift */ = {isa = PBXFileReference; lastKnownFileType = sourcecode.swift; path = ListGroceryPresenter.swift; sourceTree = "<group>"; };
		DBC62BD1203C1DC200A9831A /* ListGroceryWorker.swift */ = {isa = PBXFileReference; lastKnownFileType = sourcecode.swift; path = ListGroceryWorker.swift; sourceTree = "<group>"; };
		DBC62BD2203C1DC200A9831A /* ListGroceryRouter.swift */ = {isa = PBXFileReference; lastKnownFileType = sourcecode.swift; path = ListGroceryRouter.swift; sourceTree = "<group>"; };
		DBC62BD3203C1DC200A9831A /* ListGroceryModels.swift */ = {isa = PBXFileReference; lastKnownFileType = sourcecode.swift; path = ListGroceryModels.swift; sourceTree = "<group>"; };
		DBC62BD4203C1DC200A9831A /* ListGroceryViewController.swift */ = {isa = PBXFileReference; lastKnownFileType = sourcecode.swift; path = ListGroceryViewController.swift; sourceTree = "<group>"; };
		DBC62BD5203C1DC200A9831A /* ListGroceryInteractor.swift */ = {isa = PBXFileReference; lastKnownFileType = sourcecode.swift; path = ListGroceryInteractor.swift; sourceTree = "<group>"; };
		DBC62BF2203C3E5900A9831A /* ListGroceryTableView.swift */ = {isa = PBXFileReference; lastKnownFileType = sourcecode.swift; path = ListGroceryTableView.swift; sourceTree = "<group>"; };
		DBF489C1205FF68E00381C2E /* en */ = {isa = PBXFileReference; lastKnownFileType = text.plist.strings; name = en; path = en.lproj/Localizable.strings; sourceTree = "<group>"; };
		DBF489C3205FF68F00381C2E /* hr */ = {isa = PBXFileReference; lastKnownFileType = text.plist.strings; name = hr; path = hr.lproj/Localizable.strings; sourceTree = "<group>"; };
		DBF489C4205FFB7300381C2E /* StringExtension.swift */ = {isa = PBXFileReference; lastKnownFileType = sourcecode.swift; path = StringExtension.swift; sourceTree = "<group>"; };
/* End PBXFileReference section */

/* Begin PBXFrameworksBuildPhase section */
		DBC62BA8203C1D6900A9831A /* Frameworks */ = {
			isa = PBXFrameworksBuildPhase;
			buildActionMask = 2147483647;
			files = (
				FA898DDF312C39E3DB9FF0F3 /* Pods_Listko.framework in Frameworks */,
			);
			runOnlyForDeploymentPostprocessing = 0;
		};
		DBC62BBC203C1D6900A9831A /* Frameworks */ = {
			isa = PBXFrameworksBuildPhase;
			buildActionMask = 2147483647;
			files = (
				9F4C53843FAD837EE3C0A32E /* Pods_ListkoTests.framework in Frameworks */,
			);
			runOnlyForDeploymentPostprocessing = 0;
		};
/* End PBXFrameworksBuildPhase section */

/* Begin PBXGroup section */
		CE1A0C7470BDD8172C294807 /* Pods */ = {
			isa = PBXGroup;
			children = (
				64406098D89864FC73B6A9A8 /* Pods-Listko.debug.xcconfig */,
				5CCD65A83E52DCA2BC9EB745 /* Pods-Listko.release.xcconfig */,
				B868D308604E3D60D516C250 /* Pods-ListkoTests.debug.xcconfig */,
				A93E79F4CE5080D62AF628EB /* Pods-ListkoTests.release.xcconfig */,
			);
			name = Pods;
			sourceTree = "<group>";
		};
		DB129ADA20512360005FD5E9 /* ShowGrocery */ = {
			isa = PBXGroup;
			children = (
				DB129ADF20512373005FD5E9 /* ShowGroceryViewController.swift */,
				DB129AE020512373005FD5E9 /* ShowGroceryInteractor.swift */,
				DB129ADB20512373005FD5E9 /* ShowGroceryPresenter.swift */,
				DB129ADC20512373005FD5E9 /* ShowGroceryWorker.swift */,
				DB129ADD20512373005FD5E9 /* ShowGroceryRouter.swift */,
				DB129ADE20512373005FD5E9 /* ShowGroceryModels.swift */,
				DB129AE920515B51005FD5E9 /* ShowGroceryExtension.swift */,
				DB26D33620590FA4005845DE /* ShowGroceryTableView.swift */,
			);
			path = ShowGrocery;
			sourceTree = "<group>";
		};
		DB1DBD3B20459AFA0029C3A3 /* Controllers */ = {
			isa = PBXGroup;
			children = (
				DBC62BB0203C1D6900A9831A /* ParentViewController.swift */,
			);
			path = Controllers;
			sourceTree = "<group>";
		};
		DB1DBD3C20459B1C0029C3A3 /* Storyboard */ = {
			isa = PBXGroup;
			children = (
				DB1DBD6D2046AEE60029C3A3 /* ListCell */,
				DB44E42C204D734A00A3131B /* EditCell */,
				DBC62BB2203C1D6900A9831A /* Main.storyboard */,
			);
			path = Storyboard;
			sourceTree = "<group>";
		};
		DB1DBD3D20459BA70029C3A3 /* Resources */ = {
			isa = PBXGroup;
			children = (
				DB1DBD652045A5E00029C3A3 /* Listko.dev.entitlements */,
				DB1DBD632045A5A90029C3A3 /* GoogleService-Info.plist */,
				DB1DBD612045A5870029C3A3 /* GoogleService-Info-dev.plist */,
				DBC62BB7203C1D6900A9831A /* LaunchScreen.storyboard */,
				DBC62BB5203C1D6900A9831A /* Assets.xcassets */,
				DBC62BBA203C1D6900A9831A /* Info.plist */,
				DB1DBD2E203EE1E40029C3A3 /* Listko-Bridging-Header.h */,
			);
			name = Resources;
			sourceTree = "<group>";
		};
		DB1DBD4020459C8E0029C3A3 /* Workers */ = {
			isa = PBXGroup;
			children = (
				DB1DBD662045A86F0029C3A3 /* PhoneNumberVerificationWorker.swift */,
			);
			path = Workers;
			sourceTree = "<group>";
		};
		DB1DBD6D2046AEE60029C3A3 /* ListCell */ = {
			isa = PBXGroup;
			children = (
				DB1DBD6A2046AED20029C3A3 /* ListCell.swift */,
				DB1DBD682046AEB60029C3A3 /* ListCell.xib */,
			);
			path = ListCell;
			sourceTree = "<group>";
		};
		DB1DBD6E2046B1290029C3A3 /* Network */ = {
			isa = PBXGroup;
			children = (
				DB1DBD6F2046B15C0029C3A3 /* ListkoApi.swift */,
				DB1DBD772046C9770029C3A3 /* MyAlamofireManager.swift */,
				DB1DBD792046C98E0029C3A3 /* JsonWorker.swift */,
				DB1DBD7A2046C98E0029C3A3 /* MyMoyaPlugin.swift */,
				DB1DC4E32046CCB90029C3A3 /* JsonDecodableProtocol.swift */,
			);
			path = Network;
			sourceTree = "<group>";
		};
		DB1DBD712046B2660029C3A3 /* Util */ = {
			isa = PBXGroup;
			children = (
				DB44E4212049703F00A3131B /* AlertUtil */,
				DB1DC4D72046CABA0029C3A3 /* Logger */,
				DB44E41F20496F6600A3131B /* PresenterProtocol.swift */,
				DB1DBD722046B2770029C3A3 /* Constants.swift */,
				DB1DC4EF2046DB510029C3A3 /* ColorUtil.swift */,
			);
			path = Util;
			sourceTree = "<group>";
		};
		DB1DBD742046B3200029C3A3 /* App */ = {
			isa = PBXGroup;
			children = (
				DB1DBD752046B3460029C3A3 /* App.swift */,
				DBC62BAE203C1D6900A9831A /* AppDelegate.swift */,
				DB1DBD4120459CA40029C3A3 /* AppInitWorker.swift */,
			);
			path = App;
			sourceTree = "<group>";
		};
		DB1DC4D72046CABA0029C3A3 /* Logger */ = {
			isa = PBXGroup;
			children = (
				DB1DC4DB2046CAC30029C3A3 /* Logger.swift */,
				DB1DC4D82046CAC30029C3A3 /* CrashlyticsExceptionLogger.swift */,
				DB1DC4D92046CAC30029C3A3 /* FirebaseEventLogger.swift */,
				DB1DC4DA2046CAC30029C3A3 /* LogEventHelper.swift */,
			);
			path = Logger;
			sourceTree = "<group>";
		};
		DB1DC4E22046CB040029C3A3 /* Model */ = {
			isa = PBXGroup;
			children = (
				DB26D33820592270005845DE /* Entity */,
				DB1DC4E02046CB000029C3A3 /* AppError.swift */,
				DB1DC4E52046CDFE0029C3A3 /* User.swift */,
				DB5D85B820763ADD004D62C9 /* UserSettings.swift */,
			);
			path = Model;
			sourceTree = "<group>";
		};
		DB1DC4E92046DAD30029C3A3 /* Style */ = {
			isa = PBXGroup;
			children = (
				DB679DFA205000E700087A5F /* VCTransitions */,
				DB679DF4204FCF8A00087A5F /* UIButton */,
				DB679DF3204FCF8100087A5F /* UITextField */,
				DB1DC4EA2046DAF70029C3A3 /* UILabel */,
				DB1DC4F72046EB010029C3A3 /* ColumnFlowLayout.swift */,
			);
			path = Style;
			sourceTree = "<group>";
		};
		DB1DC4EA2046DAF70029C3A3 /* UILabel */ = {
			isa = PBXGroup;
			children = (
				DB1DC4EB2046DB180029C3A3 /* DemiLabel.swift */,
				DB1DC4ED2046DB300029C3A3 /* DemiDarkGrayLabel.swift */,
				DB1DC4F22046DBA30029C3A3 /* RegularLabel.swift */,
				DB1DC4F12046DBA30029C3A3 /* RegularGrayLabel.swift */,
			);
			path = UILabel;
			sourceTree = "<group>";
		};
		DB1DC4FD20494FCD0029C3A3 /* EditGrocery */ = {
			isa = PBXGroup;
			children = (
				DB1DC50220494FE30029C3A3 /* EditGroceryViewController.swift */,
				DB1DC50320494FE30029C3A3 /* EditGroceryInteractor.swift */,
				DB1DC4FE20494FE30029C3A3 /* EditGroceryPresenter.swift */,
				DB1DC4FF20494FE30029C3A3 /* EditGroceryWorker.swift */,
				DB1DC50020494FE30029C3A3 /* EditGroceryRouter.swift */,
				DB1DC50120494FE30029C3A3 /* EditGroceryModels.swift */,
				DB1DC50A2049500A0029C3A3 /* EditGroceryExtension.swift */,
				DB44E431204D753100A3131B /* EditGroceryTableView.swift */,
				DB5D859E2074F88A004D62C9 /* EditGroceryTextFieldExt.swift */,
			);
			path = EditGrocery;
			sourceTree = "<group>";
		};
		DB1DC50D2049518C0029C3A3 /* Extensions */ = {
			isa = PBXGroup;
			children = (
				DB129AEB2052B9CF005FD5E9 /* UITableViewExtension.swift */,
				DB1DC50E204951C30029C3A3 /* UIColorExtension.swift */,
				DBF489C4205FFB7300381C2E /* StringExtension.swift */,
			);
			path = Extensions;
			sourceTree = "<group>";
		};
		DB1F7857205A90F3005A5525 /* Edit Grocery */ = {
			isa = PBXGroup;
			children = (
				DB1F7858205A9107005A5525 /* EditGroceryViewControllerTests.swift */,
				DB1F7859205A9107005A5525 /* EditGroceryInteractorTests.swift */,
				DB1F785B205A9107005A5525 /* EditGroceryPresenterTests.swift */,
				DB1F785A205A9107005A5525 /* EditGroceryWorkerTests.swift */,
			);
			path = "Edit Grocery";
			sourceTree = "<group>";
		};
		DB26D33820592270005845DE /* Entity */ = {
			isa = PBXGroup;
			children = (
				DB44E41D20496D5400A3131B /* GroceryList.swift */,
				DB1F785320593E02005A5525 /* ListCategory.swift */,
				DB44E42A204D718300A3131B /* ListItem.swift */,
			);
			path = Entity;
			sourceTree = "<group>";
		};
		DB44E41A204965F200A3131B /* json_test_files */ = {
			isa = PBXGroup;
			children = (
				DB44E41B2049664700A3131B /* list.json */,
			);
			path = json_test_files;
			sourceTree = "<group>";
		};
		DB44E4212049703F00A3131B /* AlertUtil */ = {
			isa = PBXGroup;
			children = (
				DB44E4232049704A00A3131B /* AlertUtil.swift */,
				DB44E4222049704A00A3131B /* RMessageImpl.swift */,
			);
			path = AlertUtil;
			sourceTree = "<group>";
		};
		DB44E42C204D734A00A3131B /* EditCell */ = {
			isa = PBXGroup;
			children = (
				DB44E42D204D735C00A3131B /* EditCell.swift */,
				DB44E42F204D736900A3131B /* EditCell.xib */,
			);
			path = EditCell;
			sourceTree = "<group>";
		};
		DB5D85AC2076028E004D62C9 /* Settings */ = {
			isa = PBXGroup;
			children = (
				DB5D85A420760281004D62C9 /* SettingsViewController.swift */,
				DB5D85A520760281004D62C9 /* SettingsInteractor.swift */,
				DB5D85A020760281004D62C9 /* SettingsPresenter.swift */,
				DB5D85A120760281004D62C9 /* SettingsWorker.swift */,
				DB5D85A220760281004D62C9 /* SettingsRouter.swift */,
				DB5D85A320760281004D62C9 /* SettingsModels.swift */,
			);
			path = Settings;
			sourceTree = "<group>";
		};
		DB5D85AD2076029C004D62C9 /* Settings */ = {
			isa = PBXGroup;
			children = (
				DB5D85AE207602AE004D62C9 /* SettingsViewControllerTests.swift */,
				DB5D85AF207602AE004D62C9 /* SettingsInteractorTests.swift */,
				DB5D85B0207602AF004D62C9 /* SettingsWorkerTests.swift */,
				DB5D85B1207602AF004D62C9 /* SettingsPresenterTests.swift */,
			);
			path = Settings;
			sourceTree = "<group>";
		};
		DB679DF3204FCF8100087A5F /* UITextField */ = {
			isa = PBXGroup;
			children = (
				DB679DF5204FCFA500087A5F /* UITextFieldBottomBorder.swift */,
			);
			path = UITextField;
			sourceTree = "<group>";
		};
		DB679DF4204FCF8A00087A5F /* UIButton */ = {
			isa = PBXGroup;
			children = (
				DB44E433204E903A00A3131B /* CloseButton.swift */,
			);
			path = UIButton;
			sourceTree = "<group>";
		};
		DB679DFA205000E700087A5F /* VCTransitions */ = {
			isa = PBXGroup;
			children = (
				DB679DFD20511C0300087A5F /* PopupPresentAnimationController.swift */,
				DB129AE720513ADB005FD5E9 /* PopupDismissAnimationController.swift */,
			);
			path = VCTransitions;
			sourceTree = "<group>";
		};
		DBC62BA2203C1D6900A9831A = {
			isa = PBXGroup;
			children = (
				DBC62BAD203C1D6900A9831A /* Listko */,
				DBC62BC2203C1D6900A9831A /* ListkoTests */,
				DBC62BAC203C1D6900A9831A /* Products */,
				CE1A0C7470BDD8172C294807 /* Pods */,
				E335B1C22F5BD8B6F432320F /* Frameworks */,
			);
			sourceTree = "<group>";
		};
		DBC62BAC203C1D6900A9831A /* Products */ = {
			isa = PBXGroup;
			children = (
				DBC62BAB203C1D6900A9831A /* Listko.dev.app */,
				DBC62BBF203C1D6900A9831A /* ListkoTests.xctest */,
			);
			name = Products;
			sourceTree = "<group>";
		};
		DBC62BAD203C1D6900A9831A /* Listko */ = {
			isa = PBXGroup;
			children = (
				DBC62BCE203C1D7000A9831A /* Scenes */,
				DB1DBD3C20459B1C0029C3A3 /* Storyboard */,
				DB1DC4E22046CB040029C3A3 /* Model */,
				DB1DBD712046B2660029C3A3 /* Util */,
				DB1DC4E92046DAD30029C3A3 /* Style */,
				DB1DBD4020459C8E0029C3A3 /* Workers */,
				DB1DBD3B20459AFA0029C3A3 /* Controllers */,
				DB1DBD6E2046B1290029C3A3 /* Network */,
				DB1DC50D2049518C0029C3A3 /* Extensions */,
				DB1DBD742046B3200029C3A3 /* App */,
				DB1DBD3D20459BA70029C3A3 /* Resources */,
				DBFE8C33205FF40800A70407 /* Localizable */,
				DB44E41A204965F200A3131B /* json_test_files */,
			);
			path = Listko;
			sourceTree = "<group>";
		};
		DBC62BC2203C1D6900A9831A /* ListkoTests */ = {
			isa = PBXGroup;
			children = (
				DBC62BDC203C1DC900A9831A /* Scenes */,
				DBC62BC5203C1D6900A9831A /* Info.plist */,
			);
			path = ListkoTests;
			sourceTree = "<group>";
		};
		DBC62BCE203C1D7000A9831A /* Scenes */ = {
			isa = PBXGroup;
			children = (
				DB1DC4FD20494FCD0029C3A3 /* EditGrocery */,
				DBC62BCF203C1D7A00A9831A /* ListGroceries */,
				DB129ADA20512360005FD5E9 /* ShowGrocery */,
				DB5D85AC2076028E004D62C9 /* Settings */,
			);
			path = Scenes;
			sourceTree = "<group>";
		};
		DBC62BCF203C1D7A00A9831A /* ListGroceries */ = {
			isa = PBXGroup;
			children = (
				DBC62BD4203C1DC200A9831A /* ListGroceryViewController.swift */,
				DBC62BD5203C1DC200A9831A /* ListGroceryInteractor.swift */,
				DBC62BD0203C1DC200A9831A /* ListGroceryPresenter.swift */,
				DBC62BD1203C1DC200A9831A /* ListGroceryWorker.swift */,
				DBC62BD2203C1DC200A9831A /* ListGroceryRouter.swift */,
				DBC62BD3203C1DC200A9831A /* ListGroceryModels.swift */,
				DBC62BF2203C3E5900A9831A /* ListGroceryTableView.swift */,
				DB1DC4F52046DC500029C3A3 /* ListGroceryExtension.swift */,
			);
			path = ListGroceries;
			sourceTree = "<group>";
		};
		DBC62BDC203C1DC900A9831A /* Scenes */ = {
			isa = PBXGroup;
			children = (
				DB5D85AD2076029C004D62C9 /* Settings */,
				DB1F7857205A90F3005A5525 /* Edit Grocery */,
			);
			path = Scenes;
			sourceTree = "<group>";
		};
		DBFE8C33205FF40800A70407 /* Localizable */ = {
			isa = PBXGroup;
			children = (
				DBF489C2205FF68E00381C2E /* Localizable.strings */,
			);
			path = Localizable;
			sourceTree = "<group>";
		};
		E335B1C22F5BD8B6F432320F /* Frameworks */ = {
			isa = PBXGroup;
			children = (
				CCE0F76B7D12DE627C39D2F0 /* Pods_Listko.framework */,
				244610A184783C61460B201E /* Pods_ListkoTests.framework */,
			);
			name = Frameworks;
			sourceTree = "<group>";
		};
/* End PBXGroup section */

/* Begin PBXNativeTarget section */
		DBC62BAA203C1D6900A9831A /* Listko */ = {
			isa = PBXNativeTarget;
			buildConfigurationList = DBC62BC8203C1D6900A9831A /* Build configuration list for PBXNativeTarget "Listko" */;
			buildPhases = (
				802CAE87EC82C436E961F484 /* [CP] Check Pods Manifest.lock */,
				DBC62BA7203C1D6900A9831A /* Sources */,
				DBC62BA8203C1D6900A9831A /* Frameworks */,
				DBC62BA9203C1D6900A9831A /* Resources */,
				4B5B89706F241E1920B8893F /* [CP] Embed Pods Frameworks */,
				0E2B9B6C9A52BC9B4BCB1382 /* [CP] Copy Pods Resources */,
				DB1DC4E82046CF750029C3A3 /* ShellScript */,
			);
			buildRules = (
			);
			dependencies = (
			);
			name = Listko;
			productName = Listko;
			productReference = DBC62BAB203C1D6900A9831A /* Listko.dev.app */;
			productType = "com.apple.product-type.application";
		};
		DBC62BBE203C1D6900A9831A /* ListkoTests */ = {
			isa = PBXNativeTarget;
			buildConfigurationList = DBC62BCB203C1D6900A9831A /* Build configuration list for PBXNativeTarget "ListkoTests" */;
			buildPhases = (
				8B26696924E625A9037B6A2E /* [CP] Check Pods Manifest.lock */,
				DBC62BBB203C1D6900A9831A /* Sources */,
				DBC62BBC203C1D6900A9831A /* Frameworks */,
				DBC62BBD203C1D6900A9831A /* Resources */,
				25735BDB9EFC21D1CFC8AC91 /* [CP] Embed Pods Frameworks */,
				5558D4A66DCA53D6E8812848 /* [CP] Copy Pods Resources */,
			);
			buildRules = (
			);
			dependencies = (
				DBC62BC1203C1D6900A9831A /* PBXTargetDependency */,
			);
			name = ListkoTests;
			productName = ListkoTests;
			productReference = DBC62BBF203C1D6900A9831A /* ListkoTests.xctest */;
			productType = "com.apple.product-type.bundle.unit-test";
		};
/* End PBXNativeTarget section */

/* Begin PBXProject section */
		DBC62BA3203C1D6900A9831A /* Project object */ = {
			isa = PBXProject;
			attributes = {
				LastSwiftUpdateCheck = 0920;
				LastUpgradeCheck = 0930;
				ORGANIZATIONNAME = Terminko;
				TargetAttributes = {
					DBC62BAA203C1D6900A9831A = {
						CreatedOnToolsVersion = 9.2;
						LastSwiftMigration = 0920;
						ProvisioningStyle = Automatic;
						SystemCapabilities = {
							com.apple.Push = {
								enabled = 1;
							};
						};
					};
					DBC62BBE203C1D6900A9831A = {
						CreatedOnToolsVersion = 9.2;
						ProvisioningStyle = Automatic;
						TestTargetID = DBC62BAA203C1D6900A9831A;
					};
				};
			};
			buildConfigurationList = DBC62BA6203C1D6900A9831A /* Build configuration list for PBXProject "Listko" */;
			compatibilityVersion = "Xcode 8.0";
			developmentRegion = en;
			hasScannedForEncodings = 0;
			knownRegions = (
				en,
				Base,
				hr,
			);
			mainGroup = DBC62BA2203C1D6900A9831A;
			productRefGroup = DBC62BAC203C1D6900A9831A /* Products */;
			projectDirPath = "";
			projectRoot = "";
			targets = (
				DBC62BAA203C1D6900A9831A /* Listko */,
				DBC62BBE203C1D6900A9831A /* ListkoTests */,
			);
		};
/* End PBXProject section */

/* Begin PBXResourcesBuildPhase section */
		DBC62BA9203C1D6900A9831A /* Resources */ = {
			isa = PBXResourcesBuildPhase;
			buildActionMask = 2147483647;
			files = (
				DB44E41C2049664700A3131B /* list.json in Resources */,
				DBC62BB9203C1D6900A9831A /* LaunchScreen.storyboard in Resources */,
				DB1DBD692046AEB70029C3A3 /* ListCell.xib in Resources */,
				DB44E430204D736900A3131B /* EditCell.xib in Resources */,
				DBF489C0205FF68E00381C2E /* Localizable.strings in Resources */,
				DB1DBD622045A5870029C3A3 /* GoogleService-Info-dev.plist in Resources */,
				DB1DBD642045A5A90029C3A3 /* GoogleService-Info.plist in Resources */,
				DBC62BB6203C1D6900A9831A /* Assets.xcassets in Resources */,
				DBC62BB4203C1D6900A9831A /* Main.storyboard in Resources */,
			);
			runOnlyForDeploymentPostprocessing = 0;
		};
		DBC62BBD203C1D6900A9831A /* Resources */ = {
			isa = PBXResourcesBuildPhase;
			buildActionMask = 2147483647;
			files = (
			);
			runOnlyForDeploymentPostprocessing = 0;
		};
/* End PBXResourcesBuildPhase section */

/* Begin PBXShellScriptBuildPhase section */
		0E2B9B6C9A52BC9B4BCB1382 /* [CP] Copy Pods Resources */ = {
			isa = PBXShellScriptBuildPhase;
			buildActionMask = 2147483647;
			files = (
			);
			inputPaths = (
			);
			name = "[CP] Copy Pods Resources";
			outputPaths = (
			);
			runOnlyForDeploymentPostprocessing = 0;
			shellPath = /bin/sh;
			shellScript = "\"${SRCROOT}/Pods/Target Support Files/Pods-Listko/Pods-Listko-resources.sh\"\n";
			showEnvVarsInLog = 0;
		};
		25735BDB9EFC21D1CFC8AC91 /* [CP] Embed Pods Frameworks */ = {
			isa = PBXShellScriptBuildPhase;
			buildActionMask = 2147483647;
			files = (
			);
			inputPaths = (
			);
			name = "[CP] Embed Pods Frameworks";
			outputPaths = (
			);
			runOnlyForDeploymentPostprocessing = 0;
			shellPath = /bin/sh;
			shellScript = "\"${SRCROOT}/Pods/Target Support Files/Pods-ListkoTests/Pods-ListkoTests-frameworks.sh\"\n";
			showEnvVarsInLog = 0;
		};
		4B5B89706F241E1920B8893F /* [CP] Embed Pods Frameworks */ = {
			isa = PBXShellScriptBuildPhase;
			buildActionMask = 2147483647;
			files = (
			);
			inputPaths = (
				"${SRCROOT}/Pods/Target Support Files/Pods-Listko/Pods-Listko-frameworks.sh",
				"${BUILT_PRODUCTS_DIR}/Alamofire/Alamofire.framework",
				"${BUILT_PRODUCTS_DIR}/GTMSessionFetcher/GTMSessionFetcher.framework",
				"${BUILT_PRODUCTS_DIR}/Gloss/Gloss.framework",
				"${BUILT_PRODUCTS_DIR}/GoogleToolboxForMac/GoogleToolboxForMac.framework",
				"${BUILT_PRODUCTS_DIR}/HexColors/HexColors.framework",
				"${BUILT_PRODUCTS_DIR}/IQKeyboardManagerSwift/IQKeyboardManagerSwift.framework",
				"${BUILT_PRODUCTS_DIR}/KeychainSwift/KeychainSwift.framework",
				"${BUILT_PRODUCTS_DIR}/L10n-swift/L10n_swift.framework",
				"${BUILT_PRODUCTS_DIR}/Moya/Moya.framework",
				"${BUILT_PRODUCTS_DIR}/Moya-Gloss/Moya_Gloss.framework",
				"${BUILT_PRODUCTS_DIR}/MoyaSugar/MoyaSugar.framework",
				"${BUILT_PRODUCTS_DIR}/PPTopMostController/PPTopMostController.framework",
				"${BUILT_PRODUCTS_DIR}/Protobuf/Protobuf.framework",
				"${BUILT_PRODUCTS_DIR}/RMessage/RMessage.framework",
				"${BUILT_PRODUCTS_DIR}/Realm/Realm.framework",
				"${BUILT_PRODUCTS_DIR}/RealmSwift/RealmSwift.framework",
				"${BUILT_PRODUCTS_DIR}/Result/Result.framework",
				"${BUILT_PRODUCTS_DIR}/RxCocoa/RxCocoa.framework",
				"${BUILT_PRODUCTS_DIR}/RxKeyboard/RxKeyboard.framework",
				"${BUILT_PRODUCTS_DIR}/RxSwift/RxSwift.framework",
				"${BUILT_PRODUCTS_DIR}/SVProgressHUD/SVProgressHUD.framework",
				"${BUILT_PRODUCTS_DIR}/SnapKit/SnapKit.framework",
				"${BUILT_PRODUCTS_DIR}/SwipeCellKit/SwipeCellKit.framework",
				"${BUILT_PRODUCTS_DIR}/nanopb/nanopb.framework",
			);
			name = "[CP] Embed Pods Frameworks";
			outputPaths = (
				"${TARGET_BUILD_DIR}/${FRAMEWORKS_FOLDER_PATH}/Alamofire.framework",
				"${TARGET_BUILD_DIR}/${FRAMEWORKS_FOLDER_PATH}/GTMSessionFetcher.framework",
				"${TARGET_BUILD_DIR}/${FRAMEWORKS_FOLDER_PATH}/Gloss.framework",
				"${TARGET_BUILD_DIR}/${FRAMEWORKS_FOLDER_PATH}/GoogleToolboxForMac.framework",
				"${TARGET_BUILD_DIR}/${FRAMEWORKS_FOLDER_PATH}/HexColors.framework",
				"${TARGET_BUILD_DIR}/${FRAMEWORKS_FOLDER_PATH}/IQKeyboardManagerSwift.framework",
				"${TARGET_BUILD_DIR}/${FRAMEWORKS_FOLDER_PATH}/KeychainSwift.framework",
				"${TARGET_BUILD_DIR}/${FRAMEWORKS_FOLDER_PATH}/L10n_swift.framework",
				"${TARGET_BUILD_DIR}/${FRAMEWORKS_FOLDER_PATH}/Moya.framework",
				"${TARGET_BUILD_DIR}/${FRAMEWORKS_FOLDER_PATH}/Moya_Gloss.framework",
				"${TARGET_BUILD_DIR}/${FRAMEWORKS_FOLDER_PATH}/MoyaSugar.framework",
				"${TARGET_BUILD_DIR}/${FRAMEWORKS_FOLDER_PATH}/PPTopMostController.framework",
				"${TARGET_BUILD_DIR}/${FRAMEWORKS_FOLDER_PATH}/Protobuf.framework",
				"${TARGET_BUILD_DIR}/${FRAMEWORKS_FOLDER_PATH}/RMessage.framework",
				"${TARGET_BUILD_DIR}/${FRAMEWORKS_FOLDER_PATH}/Realm.framework",
				"${TARGET_BUILD_DIR}/${FRAMEWORKS_FOLDER_PATH}/RealmSwift.framework",
				"${TARGET_BUILD_DIR}/${FRAMEWORKS_FOLDER_PATH}/Result.framework",
				"${TARGET_BUILD_DIR}/${FRAMEWORKS_FOLDER_PATH}/RxCocoa.framework",
				"${TARGET_BUILD_DIR}/${FRAMEWORKS_FOLDER_PATH}/RxKeyboard.framework",
				"${TARGET_BUILD_DIR}/${FRAMEWORKS_FOLDER_PATH}/RxSwift.framework",
				"${TARGET_BUILD_DIR}/${FRAMEWORKS_FOLDER_PATH}/SVProgressHUD.framework",
				"${TARGET_BUILD_DIR}/${FRAMEWORKS_FOLDER_PATH}/SnapKit.framework",
				"${TARGET_BUILD_DIR}/${FRAMEWORKS_FOLDER_PATH}/SwipeCellKit.framework",
				"${TARGET_BUILD_DIR}/${FRAMEWORKS_FOLDER_PATH}/nanopb.framework",
			);
			runOnlyForDeploymentPostprocessing = 0;
			shellPath = /bin/sh;
			shellScript = "\"${SRCROOT}/Pods/Target Support Files/Pods-Listko/Pods-Listko-frameworks.sh\"\n";
			showEnvVarsInLog = 0;
		};
		5558D4A66DCA53D6E8812848 /* [CP] Copy Pods Resources */ = {
			isa = PBXShellScriptBuildPhase;
			buildActionMask = 2147483647;
			files = (
			);
			inputPaths = (
			);
			name = "[CP] Copy Pods Resources";
			outputPaths = (
			);
			runOnlyForDeploymentPostprocessing = 0;
			shellPath = /bin/sh;
			shellScript = "\"${SRCROOT}/Pods/Target Support Files/Pods-ListkoTests/Pods-ListkoTests-resources.sh\"\n";
			showEnvVarsInLog = 0;
		};
		802CAE87EC82C436E961F484 /* [CP] Check Pods Manifest.lock */ = {
			isa = PBXShellScriptBuildPhase;
			buildActionMask = 2147483647;
			files = (
			);
			inputPaths = (
				"${PODS_PODFILE_DIR_PATH}/Podfile.lock",
				"${PODS_ROOT}/Manifest.lock",
			);
			name = "[CP] Check Pods Manifest.lock";
			outputPaths = (
				"$(DERIVED_FILE_DIR)/Pods-Listko-checkManifestLockResult.txt",
			);
			runOnlyForDeploymentPostprocessing = 0;
			shellPath = /bin/sh;
			shellScript = "diff \"${PODS_PODFILE_DIR_PATH}/Podfile.lock\" \"${PODS_ROOT}/Manifest.lock\" > /dev/null\nif [ $? != 0 ] ; then\n    # print error to STDERR\n    echo \"error: The sandbox is not in sync with the Podfile.lock. Run 'pod install' or update your CocoaPods installation.\" >&2\n    exit 1\nfi\n# This output is used by Xcode 'outputs' to avoid re-running this script phase.\necho \"SUCCESS\" > \"${SCRIPT_OUTPUT_FILE_0}\"\n";
			showEnvVarsInLog = 0;
		};
		8B26696924E625A9037B6A2E /* [CP] Check Pods Manifest.lock */ = {
			isa = PBXShellScriptBuildPhase;
			buildActionMask = 2147483647;
			files = (
			);
			inputPaths = (
				"${PODS_PODFILE_DIR_PATH}/Podfile.lock",
				"${PODS_ROOT}/Manifest.lock",
			);
			name = "[CP] Check Pods Manifest.lock";
			outputPaths = (
				"$(DERIVED_FILE_DIR)/Pods-ListkoTests-checkManifestLockResult.txt",
			);
			runOnlyForDeploymentPostprocessing = 0;
			shellPath = /bin/sh;
			shellScript = "diff \"${PODS_PODFILE_DIR_PATH}/Podfile.lock\" \"${PODS_ROOT}/Manifest.lock\" > /dev/null\nif [ $? != 0 ] ; then\n    # print error to STDERR\n    echo \"error: The sandbox is not in sync with the Podfile.lock. Run 'pod install' or update your CocoaPods installation.\" >&2\n    exit 1\nfi\n# This output is used by Xcode 'outputs' to avoid re-running this script phase.\necho \"SUCCESS\" > \"${SCRIPT_OUTPUT_FILE_0}\"\n";
			showEnvVarsInLog = 0;
		};
		DB1DC4E82046CF750029C3A3 /* ShellScript */ = {
			isa = PBXShellScriptBuildPhase;
			buildActionMask = 8;
			files = (
			);
			inputPaths = (
			);
			outputPaths = (
			);
			runOnlyForDeploymentPostprocessing = 1;
			shellPath = /bin/sh;
			shellScript = "\"${PODS_ROOT}/Fabric/run\" 14cfb8e86205681dd8c06066a0b712abdf7574b6 323c17e14b822e7adf02d4642547283a45a6678544875e7ed11b4f63ed19a74e";
		};
/* End PBXShellScriptBuildPhase section */

/* Begin PBXSourcesBuildPhase section */
		DBC62BA7203C1D6900A9831A /* Sources */ = {
			isa = PBXSourcesBuildPhase;
			buildActionMask = 2147483647;
			files = (
				DB129AE520512373005FD5E9 /* ShowGroceryViewController.swift in Sources */,
				DB44E4252049704A00A3131B /* AlertUtil.swift in Sources */,
				DB26D33720590FA4005845DE /* ShowGroceryTableView.swift in Sources */,
				DB1DBD672045A86F0029C3A3 /* PhoneNumberVerificationWorker.swift in Sources */,
				DB1DC4DF2046CAC30029C3A3 /* Logger.swift in Sources */,
				DB1DC50420494FE30029C3A3 /* EditGroceryPresenter.swift in Sources */,
				DB44E4242049704A00A3131B /* RMessageImpl.swift in Sources */,
				DB1DBD7B2046C98E0029C3A3 /* JsonWorker.swift in Sources */,
				DB1DC4E62046CDFE0029C3A3 /* User.swift in Sources */,
				DB1DC4EE2046DB300029C3A3 /* DemiDarkGrayLabel.swift in Sources */,
				DB129AE220512373005FD5E9 /* ShowGroceryWorker.swift in Sources */,
				DB1DC4F62046DC500029C3A3 /* ListGroceryExtension.swift in Sources */,
				DB129AEC2052B9CF005FD5E9 /* UITableViewExtension.swift in Sources */,
				DB5D859F2074F88A004D62C9 /* EditGroceryTextFieldExt.swift in Sources */,
				DB44E41E20496D5400A3131B /* GroceryList.swift in Sources */,
				DB5D85A820760281004D62C9 /* SettingsRouter.swift in Sources */,
				DBC62BD7203C1DC200A9831A /* ListGroceryWorker.swift in Sources */,
				DB1DC50820494FE30029C3A3 /* EditGroceryViewController.swift in Sources */,
				DBC62BB1203C1D6900A9831A /* ParentViewController.swift in Sources */,
				DB1DC50B2049500A0029C3A3 /* EditGroceryExtension.swift in Sources */,
				DB1DBD762046B3460029C3A3 /* App.swift in Sources */,
				DB129AE420512373005FD5E9 /* ShowGroceryModels.swift in Sources */,
				DB44E42E204D735C00A3131B /* EditCell.swift in Sources */,
				DB129AE820513ADB005FD5E9 /* PopupDismissAnimationController.swift in Sources */,
				DB1DC4DC2046CAC30029C3A3 /* CrashlyticsExceptionLogger.swift in Sources */,
				DB1DC4F32046DBA30029C3A3 /* RegularGrayLabel.swift in Sources */,
				DB1DC50720494FE30029C3A3 /* EditGroceryModels.swift in Sources */,
				DB44E432204D753100A3131B /* EditGroceryTableView.swift in Sources */,
				DB1DBD782046C9770029C3A3 /* MyAlamofireManager.swift in Sources */,
				DB129AE320512373005FD5E9 /* ShowGroceryRouter.swift in Sources */,
				DB44E42B204D718300A3131B /* ListItem.swift in Sources */,
				DB679DF6204FCFA500087A5F /* UITextFieldBottomBorder.swift in Sources */,
				DB1DC4F42046DBA30029C3A3 /* RegularLabel.swift in Sources */,
				DBC62BD9203C1DC200A9831A /* ListGroceryModels.swift in Sources */,
				DBF489C5205FFB7300381C2E /* StringExtension.swift in Sources */,
				DB1DBD4220459CA40029C3A3 /* AppInitWorker.swift in Sources */,
				DB44E42020496F6600A3131B /* PresenterProtocol.swift in Sources */,
				DBC62BD8203C1DC200A9831A /* ListGroceryRouter.swift in Sources */,
				DB1DC4DE2046CAC30029C3A3 /* LogEventHelper.swift in Sources */,
				DBC62BF3203C3E5900A9831A /* ListGroceryTableView.swift in Sources */,
				DB1DC4E42046CCB90029C3A3 /* JsonDecodableProtocol.swift in Sources */,
				DB1DC4E12046CB000029C3A3 /* AppError.swift in Sources */,
				DB1DC4DD2046CAC30029C3A3 /* FirebaseEventLogger.swift in Sources */,
				DB1DC50520494FE30029C3A3 /* EditGroceryWorker.swift in Sources */,
				DB5D85AB20760281004D62C9 /* SettingsInteractor.swift in Sources */,
				DB1F785420593E02005A5525 /* ListCategory.swift in Sources */,
				DB1DC4F82046EB010029C3A3 /* ColumnFlowLayout.swift in Sources */,
				DB5D85A920760281004D62C9 /* SettingsModels.swift in Sources */,
				DB1DC50F204951C30029C3A3 /* UIColorExtension.swift in Sources */,
				DBC62BDA203C1DC200A9831A /* ListGroceryViewController.swift in Sources */,
				DB1DC4F02046DB510029C3A3 /* ColorUtil.swift in Sources */,
				DBC62BDB203C1DC200A9831A /* ListGroceryInteractor.swift in Sources */,
				DB1DBD6B2046AED20029C3A3 /* ListCell.swift in Sources */,
				DB5D85B920763ADD004D62C9 /* UserSettings.swift in Sources */,
				DB44E434204E903A00A3131B /* CloseButton.swift in Sources */,
				DB1DC50620494FE30029C3A3 /* EditGroceryRouter.swift in Sources */,
				DB679DFE20511C0300087A5F /* PopupPresentAnimationController.swift in Sources */,
				DB1DC50920494FE30029C3A3 /* EditGroceryInteractor.swift in Sources */,
				DB1DBD702046B15C0029C3A3 /* ListkoApi.swift in Sources */,
				DB129AEA20515B51005FD5E9 /* ShowGroceryExtension.swift in Sources */,
				DB1DBD732046B2770029C3A3 /* Constants.swift in Sources */,
				DBC62BD6203C1DC200A9831A /* ListGroceryPresenter.swift in Sources */,
				DB129AE620512373005FD5E9 /* ShowGroceryInteractor.swift in Sources */,
				DB5D85A620760281004D62C9 /* SettingsPresenter.swift in Sources */,
				DB129AE120512373005FD5E9 /* ShowGroceryPresenter.swift in Sources */,
				DB5D85AA20760281004D62C9 /* SettingsViewController.swift in Sources */,
				DB1DC4EC2046DB180029C3A3 /* DemiLabel.swift in Sources */,
				DB5D85A720760281004D62C9 /* SettingsWorker.swift in Sources */,
				DB1DBD7C2046C98E0029C3A3 /* MyMoyaPlugin.swift in Sources */,
				DBC62BAF203C1D6900A9831A /* AppDelegate.swift in Sources */,
			);
			runOnlyForDeploymentPostprocessing = 0;
		};
		DBC62BBB203C1D6900A9831A /* Sources */ = {
			isa = PBXSourcesBuildPhase;
			buildActionMask = 2147483647;
			files = (
				DB5D85B2207602AF004D62C9 /* SettingsViewControllerTests.swift in Sources */,
				DB5D85B4207602AF004D62C9 /* SettingsWorkerTests.swift in Sources */,
				DB5D85B3207602AF004D62C9 /* SettingsInteractorTests.swift in Sources */,
				DB5D85B5207602AF004D62C9 /* SettingsPresenterTests.swift in Sources */,
				DB1F785E205A9107005A5525 /* EditGroceryWorkerTests.swift in Sources */,
				DB1F785D205A9107005A5525 /* EditGroceryInteractorTests.swift in Sources */,
				DB1F785F205A9107005A5525 /* EditGroceryPresenterTests.swift in Sources */,
				DB1F785C205A9107005A5525 /* EditGroceryViewControllerTests.swift in Sources */,
			);
			runOnlyForDeploymentPostprocessing = 0;
		};
/* End PBXSourcesBuildPhase section */

/* Begin PBXTargetDependency section */
		DBC62BC1203C1D6900A9831A /* PBXTargetDependency */ = {
			isa = PBXTargetDependency;
			target = DBC62BAA203C1D6900A9831A /* Listko */;
			targetProxy = DBC62BC0203C1D6900A9831A /* PBXContainerItemProxy */;
		};
/* End PBXTargetDependency section */

/* Begin PBXVariantGroup section */
		DBC62BB2203C1D6900A9831A /* Main.storyboard */ = {
			isa = PBXVariantGroup;
			children = (
				DBC62BB3203C1D6900A9831A /* Base */,
			);
			name = Main.storyboard;
			sourceTree = "<group>";
		};
		DBC62BB7203C1D6900A9831A /* LaunchScreen.storyboard */ = {
			isa = PBXVariantGroup;
			children = (
				DBC62BB8203C1D6900A9831A /* Base */,
			);
			name = LaunchScreen.storyboard;
			sourceTree = "<group>";
		};
		DBF489C2205FF68E00381C2E /* Localizable.strings */ = {
			isa = PBXVariantGroup;
			children = (
				DBF489C1205FF68E00381C2E /* en */,
				DBF489C3205FF68F00381C2E /* hr */,
			);
			name = Localizable.strings;
			sourceTree = "<group>";
		};
/* End PBXVariantGroup section */

/* Begin XCBuildConfiguration section */
		DBC62BC6203C1D6900A9831A /* Debug */ = {
			isa = XCBuildConfiguration;
			buildSettings = {
				ALWAYS_SEARCH_USER_PATHS = NO;
				CLANG_ANALYZER_LOCALIZABILITY_NONLOCALIZED = YES;
				CLANG_ANALYZER_NONNULL = YES;
				CLANG_ANALYZER_NUMBER_OBJECT_CONVERSION = YES_AGGRESSIVE;
				CLANG_CXX_LANGUAGE_STANDARD = "gnu++14";
				CLANG_CXX_LIBRARY = "libc++";
				CLANG_ENABLE_MODULES = YES;
				CLANG_ENABLE_OBJC_ARC = YES;
				CLANG_WARN_BLOCK_CAPTURE_AUTORELEASING = YES;
				CLANG_WARN_BOOL_CONVERSION = YES;
				CLANG_WARN_COMMA = YES;
				CLANG_WARN_CONSTANT_CONVERSION = YES;
				CLANG_WARN_DEPRECATED_OBJC_IMPLEMENTATIONS = YES;
				CLANG_WARN_DIRECT_OBJC_ISA_USAGE = YES_ERROR;
				CLANG_WARN_DOCUMENTATION_COMMENTS = YES;
				CLANG_WARN_EMPTY_BODY = YES;
				CLANG_WARN_ENUM_CONVERSION = YES;
				CLANG_WARN_INFINITE_RECURSION = YES;
				CLANG_WARN_INT_CONVERSION = YES;
				CLANG_WARN_NON_LITERAL_NULL_CONVERSION = YES;
				CLANG_WARN_OBJC_IMPLICIT_RETAIN_SELF = YES;
				CLANG_WARN_OBJC_LITERAL_CONVERSION = YES;
				CLANG_WARN_OBJC_ROOT_CLASS = YES_ERROR;
				CLANG_WARN_RANGE_LOOP_ANALYSIS = YES;
				CLANG_WARN_STRICT_PROTOTYPES = YES;
				CLANG_WARN_SUSPICIOUS_MOVE = YES;
				CLANG_WARN_UNGUARDED_AVAILABILITY = YES_AGGRESSIVE;
				CLANG_WARN_UNREACHABLE_CODE = YES;
				CLANG_WARN__DUPLICATE_METHOD_MATCH = YES;
				CODE_SIGN_IDENTITY = "iPhone Developer";
				COPY_PHASE_STRIP = NO;
				DEBUG_INFORMATION_FORMAT = dwarf;
				ENABLE_STRICT_OBJC_MSGSEND = YES;
				ENABLE_TESTABILITY = YES;
				GCC_C_LANGUAGE_STANDARD = gnu11;
				GCC_DYNAMIC_NO_PIC = NO;
				GCC_NO_COMMON_BLOCKS = YES;
				GCC_OPTIMIZATION_LEVEL = 0;
				GCC_PREPROCESSOR_DEFINITIONS = (
					"DEBUG=1",
					"$(inherited)",
				);
				GCC_WARN_64_TO_32_BIT_CONVERSION = YES;
				GCC_WARN_ABOUT_RETURN_TYPE = YES_ERROR;
				GCC_WARN_UNDECLARED_SELECTOR = YES;
				GCC_WARN_UNINITIALIZED_AUTOS = YES_AGGRESSIVE;
				GCC_WARN_UNUSED_FUNCTION = YES;
				GCC_WARN_UNUSED_VARIABLE = YES;
				IPHONEOS_DEPLOYMENT_TARGET = 10.0;
				MTL_ENABLE_DEBUG_INFO = YES;
				ONLY_ACTIVE_ARCH = YES;
				SDKROOT = iphoneos;
				SWIFT_ACTIVE_COMPILATION_CONDITIONS = DEBUG;
				SWIFT_OPTIMIZATION_LEVEL = "-Onone";
			};
			name = Debug;
		};
		DBC62BC7203C1D6900A9831A /* Release */ = {
			isa = XCBuildConfiguration;
			buildSettings = {
				ALWAYS_SEARCH_USER_PATHS = NO;
				CLANG_ANALYZER_LOCALIZABILITY_NONLOCALIZED = YES;
				CLANG_ANALYZER_NONNULL = YES;
				CLANG_ANALYZER_NUMBER_OBJECT_CONVERSION = YES_AGGRESSIVE;
				CLANG_CXX_LANGUAGE_STANDARD = "gnu++14";
				CLANG_CXX_LIBRARY = "libc++";
				CLANG_ENABLE_MODULES = YES;
				CLANG_ENABLE_OBJC_ARC = YES;
				CLANG_WARN_BLOCK_CAPTURE_AUTORELEASING = YES;
				CLANG_WARN_BOOL_CONVERSION = YES;
				CLANG_WARN_COMMA = YES;
				CLANG_WARN_CONSTANT_CONVERSION = YES;
				CLANG_WARN_DEPRECATED_OBJC_IMPLEMENTATIONS = YES;
				CLANG_WARN_DIRECT_OBJC_ISA_USAGE = YES_ERROR;
				CLANG_WARN_DOCUMENTATION_COMMENTS = YES;
				CLANG_WARN_EMPTY_BODY = YES;
				CLANG_WARN_ENUM_CONVERSION = YES;
				CLANG_WARN_INFINITE_RECURSION = YES;
				CLANG_WARN_INT_CONVERSION = YES;
				CLANG_WARN_NON_LITERAL_NULL_CONVERSION = YES;
				CLANG_WARN_OBJC_IMPLICIT_RETAIN_SELF = YES;
				CLANG_WARN_OBJC_LITERAL_CONVERSION = YES;
				CLANG_WARN_OBJC_ROOT_CLASS = YES_ERROR;
				CLANG_WARN_RANGE_LOOP_ANALYSIS = YES;
				CLANG_WARN_STRICT_PROTOTYPES = YES;
				CLANG_WARN_SUSPICIOUS_MOVE = YES;
				CLANG_WARN_UNGUARDED_AVAILABILITY = YES_AGGRESSIVE;
				CLANG_WARN_UNREACHABLE_CODE = YES;
				CLANG_WARN__DUPLICATE_METHOD_MATCH = YES;
				CODE_SIGN_IDENTITY = "iPhone Developer";
				COPY_PHASE_STRIP = NO;
				DEBUG_INFORMATION_FORMAT = "dwarf-with-dsym";
				ENABLE_NS_ASSERTIONS = NO;
				ENABLE_STRICT_OBJC_MSGSEND = YES;
				GCC_C_LANGUAGE_STANDARD = gnu11;
				GCC_NO_COMMON_BLOCKS = YES;
				GCC_WARN_64_TO_32_BIT_CONVERSION = YES;
				GCC_WARN_ABOUT_RETURN_TYPE = YES_ERROR;
				GCC_WARN_UNDECLARED_SELECTOR = YES;
				GCC_WARN_UNINITIALIZED_AUTOS = YES_AGGRESSIVE;
				GCC_WARN_UNUSED_FUNCTION = YES;
				GCC_WARN_UNUSED_VARIABLE = YES;
				IPHONEOS_DEPLOYMENT_TARGET = 10.0;
				MTL_ENABLE_DEBUG_INFO = NO;
				SDKROOT = iphoneos;
				SWIFT_OPTIMIZATION_LEVEL = "-Owholemodule";
				VALIDATE_PRODUCT = YES;
			};
			name = Release;
		};
		DBC62BC9203C1D6900A9831A /* Debug */ = {
			isa = XCBuildConfiguration;
			baseConfigurationReference = 64406098D89864FC73B6A9A8 /* Pods-Listko.debug.xcconfig */;
			buildSettings = {
				ASSETCATALOG_COMPILER_APPICON_NAME = "AppIcon${BUNDLE_ID_SUFFIX}";
				BUNDLE_ID_SUFFIX = .dev;
				CLANG_ENABLE_MODULES = YES;
				CODE_SIGN_ENTITLEMENTS = Listko/Listko.dev.entitlements;
				CODE_SIGN_STYLE = Automatic;
				DEBUG_INFORMATION_FORMAT = dwarf;
				DEVELOPMENT_TEAM = T684LWQSD3;
				INFOPLIST_FILE = Listko/Info.plist;
				IPHONEOS_DEPLOYMENT_TARGET = 10.0;
				LD_RUNPATH_SEARCH_PATHS = "$(inherited) @executable_path/Frameworks";
				PRODUCT_BUNDLE_IDENTIFIER = "com.volcappno.listko${BUNDLE_ID_SUFFIX}";
				PRODUCT_NAME = "$(TARGET_NAME)${BUNDLE_ID_SUFFIX}";
				SERVER_URL = "htpp://";
				SWIFT_OBJC_BRIDGING_HEADER = "Listko/Listko-Bridging-Header.h";
				SWIFT_OPTIMIZATION_LEVEL = "-Onone";
				SWIFT_VERSION = 4.0;
				TARGETED_DEVICE_FAMILY = "1,2";
			};
			name = Debug;
		};
		DBC62BCA203C1D6900A9831A /* Release */ = {
			isa = XCBuildConfiguration;
			baseConfigurationReference = 5CCD65A83E52DCA2BC9EB745 /* Pods-Listko.release.xcconfig */;
			buildSettings = {
				ASSETCATALOG_COMPILER_APPICON_NAME = "AppIcon${BUNDLE_ID_SUFFIX}";
				BUNDLE_ID_SUFFIX = "";
				CLANG_ENABLE_MODULES = YES;
				CODE_SIGN_ENTITLEMENTS = Listko/Listko.dev.entitlements;
				CODE_SIGN_STYLE = Automatic;
				DEVELOPMENT_TEAM = T684LWQSD3;
				ENABLE_TESTABILITY = NO;
				INFOPLIST_FILE = Listko/Info.plist;
				IPHONEOS_DEPLOYMENT_TARGET = 10.0;
				LD_RUNPATH_SEARCH_PATHS = "$(inherited) @executable_path/Frameworks";
				PRODUCT_BUNDLE_IDENTIFIER = "com.volcappno.listko${BUNDLE_ID_SUFFIX}";
				PRODUCT_NAME = "$(TARGET_NAME)${BUNDLE_ID_SUFFIX}";
				SERVER_URL = "htpp://";
				SWIFT_OBJC_BRIDGING_HEADER = "Listko/Listko-Bridging-Header.h";
				SWIFT_VERSION = 4.0;
				TARGETED_DEVICE_FAMILY = "1,2";
			};
			name = Release;
		};
		DBC62BCC203C1D6900A9831A /* Debug */ = {
			isa = XCBuildConfiguration;
			baseConfigurationReference = B868D308604E3D60D516C250 /* Pods-ListkoTests.debug.xcconfig */;
			buildSettings = {
				ALWAYS_EMBED_SWIFT_STANDARD_LIBRARIES = YES;
				BUNDLE_LOADER = "$(TEST_HOST)";
				CODE_SIGN_STYLE = Automatic;
				DEVELOPMENT_TEAM = 9GKT45AE6R;
				INFOPLIST_FILE = ListkoTests/Info.plist;
				LD_RUNPATH_SEARCH_PATHS = "$(inherited) @executable_path/Frameworks @loader_path/Frameworks";
				PRODUCT_BUNDLE_IDENTIFIER = hr.davtomic.ListkoTests;
				PRODUCT_NAME = "$(TARGET_NAME)";
				SWIFT_VERSION = 4.0;
				TARGETED_DEVICE_FAMILY = "1,2";
				TEST_HOST = "$(BUILT_PRODUCTS_DIR)/Listko.dev.app/Listko.dev";
			};
			name = Debug;
		};
		DBC62BCD203C1D6900A9831A /* Release */ = {
			isa = XCBuildConfiguration;
			baseConfigurationReference = A93E79F4CE5080D62AF628EB /* Pods-ListkoTests.release.xcconfig */;
			buildSettings = {
				ALWAYS_EMBED_SWIFT_STANDARD_LIBRARIES = YES;
				BUNDLE_LOADER = "$(TEST_HOST)";
				CODE_SIGN_STYLE = Automatic;
				DEVELOPMENT_TEAM = 9GKT45AE6R;
				INFOPLIST_FILE = ListkoTests/Info.plist;
				LD_RUNPATH_SEARCH_PATHS = "$(inherited) @executable_path/Frameworks @loader_path/Frameworks";
				PRODUCT_BUNDLE_IDENTIFIER = hr.davtomic.ListkoTests;
				PRODUCT_NAME = "$(TARGET_NAME)";
				SWIFT_VERSION = 4.0;
				TARGETED_DEVICE_FAMILY = "1,2";
				TEST_HOST = "$(BUILT_PRODUCTS_DIR)/Listko.dev.app/Listko.dev";
			};
			name = Release;
		};
/* End XCBuildConfiguration section */

/* Begin XCConfigurationList section */
		DBC62BA6203C1D6900A9831A /* Build configuration list for PBXProject "Listko" */ = {
			isa = XCConfigurationList;
			buildConfigurations = (
				DBC62BC6203C1D6900A9831A /* Debug */,
				DBC62BC7203C1D6900A9831A /* Release */,
			);
			defaultConfigurationIsVisible = 0;
			defaultConfigurationName = Debug;
		};
		DBC62BC8203C1D6900A9831A /* Build configuration list for PBXNativeTarget "Listko" */ = {
			isa = XCConfigurationList;
			buildConfigurations = (
				DBC62BC9203C1D6900A9831A /* Debug */,
				DBC62BCA203C1D6900A9831A /* Release */,
			);
			defaultConfigurationIsVisible = 0;
			defaultConfigurationName = Debug;
		};
		DBC62BCB203C1D6900A9831A /* Build configuration list for PBXNativeTarget "ListkoTests" */ = {
			isa = XCConfigurationList;
			buildConfigurations = (
				DBC62BCC203C1D6900A9831A /* Debug */,
				DBC62BCD203C1D6900A9831A /* Release */,
			);
			defaultConfigurationIsVisible = 0;
			defaultConfigurationName = Debug;
		};
/* End XCConfigurationList section */
	};
	rootObject = DBC62BA3203C1D6900A9831A /* Project object */;
}
